
Microsoft Visual Studio Solution File, Format Version 12.00
# Visual Studio Version 16
VisualStudioVersion = 16.0.30128.74
MinimumVisualStudioVersion = 10.0.40219.1
Project("{9A19103F-16F7-4668-BE54-9A1E7A4F7556}") = "GraphClientLib", "GraphClientLib\GraphClientLib.csproj", "{AAA55373-866D-43B9-83B6-E2F710BF65C9}"
EndProject
Project("{9A19103F-16F7-4668-BE54-9A1E7A4F7556}") = "GraphClientLibTest", "GraphClientLibTest\GraphClientLibTest.csproj", "{FADDF81C-57BC-47DE-B09D-C9F6B2B33F77}"
EndProject
Global
	GlobalSection(SolutionConfigurationPlatforms) = preSolution
		Debug|Any CPU = Debug|Any CPU
		Release|Any CPU = Release|Any CPU
	EndGlobalSection
	GlobalSection(ProjectConfigurationPlatforms) = postSolution
		{AAA55373-866D-43B9-83B6-E2F710BF65C9}.Debug|Any CPU.ActiveCfg = Debug|Any CPU
		{AAA55373-866D-43B9-83B6-E2F710BF65C9}.Debug|Any CPU.Build.0 = Debug|Any CPU
		{AAA55373-866D-43B9-83B6-E2F710BF65C9}.Release|Any CPU.ActiveCfg = Release|Any CPU
		{AAA55373-866D-43B9-83B6-E2F710BF65C9}.Release|Any CPU.Build.0 = Release|Any CPU
		{FADDF81C-57BC-47DE-B09D-C9F6B2B33F77}.Debug|Any CPU.ActiveCfg = Debug|Any CPU
		{FADDF81C-57BC-47DE-B09D-C9F6B2B33F77}.Debug|Any CPU.Build.0 = Debug|Any CPU
		{FADDF81C-57BC-47DE-B09D-C9F6B2B33F77}.Release|Any CPU.ActiveCfg = Release|Any CPU
		{FADDF81C-57BC-47DE-B09D-C9F6B2B33F77}.Release|Any CPU.Build.0 = Release|Any CPU
	EndGlobalSection
	GlobalSection(SolutionProperties) = preSolution
		HideSolutionNode = FALSE
	EndGlobalSection
	GlobalSection(ExtensibilityGlobals) = postSolution
		SolutionGuid = {6D5078A7-7143-4F73-95D1-D878E949FCCF}
	EndGlobalSection
EndGlobal
